
Microsoft Visual Studio Solution File, Format Version 12.00
# Visual Studio Version 16
VisualStudioVersion = 16.0.30621.155
MinimumVisualStudioVersion = 10.0.40219.1
Project("{FAE04EC0-301F-11D3-BF4B-00C04F79EFBC}") = "BasicWebApp", "BasicWebApp\BasicWebApp.csproj", "{B7EB8F0F-D989-4DE6-AE30-CABCC21B0B75}"
EndProject
Global
	GlobalSection(SolutionConfigurationPlatforms) = preSolution
		Debug|Any CPU = Debug|Any CPU
		Release|Any CPU = Release|Any CPU
	EndGlobalSection
	GlobalSection(ProjectConfigurationPlatforms) = postSolution
		{B7EB8F0F-D989-4DE6-AE30-CABCC21B0B75}.Debug|Any CPU.ActiveCfg = Debug|Any CPU
		{B7EB8F0F-D989-4DE6-AE30-CABCC21B0B75}.Debug|Any CPU.Build.0 = Debug|Any CPU
		{B7EB8F0F-D989-4DE6-AE30-CABCC21B0B75}.Release|Any CPU.ActiveCfg = Release|Any CPU
		{B7EB8F0F-D989-4DE6-AE30-CABCC21B0B75}.Release|Any CPU.Build.0 = Release|Any CPU
	EndGlobalSection
	GlobalSection(SolutionProperties) = preSolution
		HideSolutionNode = FALSE
	EndGlobalSection
	GlobalSection(ExtensibilityGlobals) = postSolution
		SolutionGuid = {E1AC71EF-E1B6-4DCC-A261-127FF3C37A47}
	EndGlobalSection
EndGlobal
